
Microsoft Visual Studio Solution File, Format Version 12.00
# Visual Studio Version 16
VisualStudioVersion = 16.0.30320.27
MinimumVisualStudioVersion = 10.0.40219.1
Project("{FAE04EC0-301F-11D3-BF4B-00C04F79EFBC}") = "Mp3WebMusic-Web", "Mp3WebMusic-Web\Mp3WebMusic-Web.csproj", "{FC6A79A6-5BCE-4AAA-8464-8CD485768B5F}"
EndProject
Global
	GlobalSection(SolutionConfigurationPlatforms) = preSolution
		Debug|Any CPU = Debug|Any CPU
		Release|Any CPU = Release|Any CPU
	EndGlobalSection
	GlobalSection(ProjectConfigurationPlatforms) = postSolution
		{FC6A79A6-5BCE-4AAA-8464-8CD485768B5F}.Debug|Any CPU.ActiveCfg = Debug|Any CPU
		{FC6A79A6-5BCE-4AAA-8464-8CD485768B5F}.Debug|Any CPU.Build.0 = Debug|Any CPU
		{FC6A79A6-5BCE-4AAA-8464-8CD485768B5F}.Release|Any CPU.ActiveCfg = Release|Any CPU
		{FC6A79A6-5BCE-4AAA-8464-8CD485768B5F}.Release|Any CPU.Build.0 = Release|Any CPU
	EndGlobalSection
	GlobalSection(SolutionProperties) = preSolution
		HideSolutionNode = FALSE
	EndGlobalSection
	GlobalSection(ExtensibilityGlobals) = postSolution
		SolutionGuid = {27EE42D7-E484-4F8E-8E1E-F59A9FB6A7D9}
	EndGlobalSection
EndGlobal
